
Microsoft Visual Studio Solution File, Format Version 12.00
# Visual Studio 2013
VisualStudioVersion = 12.0.21005.1
MinimumVisualStudioVersion = 10.0.40219.1
Project("{FAE04EC0-301F-11D3-BF4B-00C04F79EFBC}") = "Cycle Process Controll", "Cycle Process Controll\Cycle Process Controll.csproj", "{B624E6B5-EC33-469D-A04A-A0455F9E58A0}"
EndProject
Project("{FAE04EC0-301F-11D3-BF4B-00C04F79EFBC}") = "Plugin", "Plugin\Plugin.csproj", "{8A99941D-B963-4D4E-AD69-18599106EB2F}"
EndProject
Project("{FAE04EC0-301F-11D3-BF4B-00C04F79EFBC}") = "Model", "Model\Model.csproj", "{7FBC92C1-7165-48C6-B051-84F68B3C12C2}"
EndProject
Project("{FAE04EC0-301F-11D3-BF4B-00C04F79EFBC}") = "LPT", "LPT\LPT.csproj", "{354B414D-3544-4446-9E09-71976B298EB9}"
EndProject
Project("{2150E333-8FDC-42A3-9474-1A3956D46DE8}") = "Plugins", "Plugins", "{6029D5C5-0A53-415F-AAD2-E44B818E44F8}"
EndProject
Project("{FAE04EC0-301F-11D3-BF4B-00C04F79EFBC}") = "SqlitePlugin", "SqlitePlugin\SqlitePlugin.csproj", "{611094D5-0AE0-4DFD-8E00-FC6ECDB4C04A}"
EndProject
Project("{FAE04EC0-301F-11D3-BF4B-00C04F79EFBC}") = "USB", "USB\USB.csproj", "{5D8135B2-F046-46B8-A971-DD4B7874D8BF}"
EndProject
Global
	GlobalSection(SolutionConfigurationPlatforms) = preSolution
		Debug|Any CPU = Debug|Any CPU
		Release|Any CPU = Release|Any CPU
	EndGlobalSection
	GlobalSection(ProjectConfigurationPlatforms) = postSolution
		{B624E6B5-EC33-469D-A04A-A0455F9E58A0}.Debug|Any CPU.ActiveCfg = Debug|Any CPU
		{B624E6B5-EC33-469D-A04A-A0455F9E58A0}.Debug|Any CPU.Build.0 = Debug|Any CPU
		{B624E6B5-EC33-469D-A04A-A0455F9E58A0}.Release|Any CPU.ActiveCfg = Release|Any CPU
		{B624E6B5-EC33-469D-A04A-A0455F9E58A0}.Release|Any CPU.Build.0 = Release|Any CPU
		{8A99941D-B963-4D4E-AD69-18599106EB2F}.Debug|Any CPU.ActiveCfg = Debug|Any CPU
		{8A99941D-B963-4D4E-AD69-18599106EB2F}.Debug|Any CPU.Build.0 = Debug|Any CPU
		{8A99941D-B963-4D4E-AD69-18599106EB2F}.Release|Any CPU.ActiveCfg = Release|Any CPU
		{8A99941D-B963-4D4E-AD69-18599106EB2F}.Release|Any CPU.Build.0 = Release|Any CPU
		{7FBC92C1-7165-48C6-B051-84F68B3C12C2}.Debug|Any CPU.ActiveCfg = Debug|Any CPU
		{7FBC92C1-7165-48C6-B051-84F68B3C12C2}.Debug|Any CPU.Build.0 = Debug|Any CPU
		{7FBC92C1-7165-48C6-B051-84F68B3C12C2}.Release|Any CPU.ActiveCfg = Release|Any CPU
		{7FBC92C1-7165-48C6-B051-84F68B3C12C2}.Release|Any CPU.Build.0 = Release|Any CPU
		{354B414D-3544-4446-9E09-71976B298EB9}.Debug|Any CPU.ActiveCfg = Debug|Any CPU
		{354B414D-3544-4446-9E09-71976B298EB9}.Debug|Any CPU.Build.0 = Debug|Any CPU
		{354B414D-3544-4446-9E09-71976B298EB9}.Release|Any CPU.ActiveCfg = Release|Any CPU
		{354B414D-3544-4446-9E09-71976B298EB9}.Release|Any CPU.Build.0 = Release|Any CPU
		{611094D5-0AE0-4DFD-8E00-FC6ECDB4C04A}.Debug|Any CPU.ActiveCfg = Debug|Any CPU
		{611094D5-0AE0-4DFD-8E00-FC6ECDB4C04A}.Debug|Any CPU.Build.0 = Debug|Any CPU
		{611094D5-0AE0-4DFD-8E00-FC6ECDB4C04A}.Release|Any CPU.ActiveCfg = Release|Any CPU
		{611094D5-0AE0-4DFD-8E00-FC6ECDB4C04A}.Release|Any CPU.Build.0 = Release|Any CPU
		{5D8135B2-F046-46B8-A971-DD4B7874D8BF}.Debug|Any CPU.ActiveCfg = Debug|Any CPU
		{5D8135B2-F046-46B8-A971-DD4B7874D8BF}.Debug|Any CPU.Build.0 = Debug|Any CPU
		{5D8135B2-F046-46B8-A971-DD4B7874D8BF}.Release|Any CPU.ActiveCfg = Release|Any CPU
		{5D8135B2-F046-46B8-A971-DD4B7874D8BF}.Release|Any CPU.Build.0 = Release|Any CPU
	EndGlobalSection
	GlobalSection(SolutionProperties) = preSolution
		HideSolutionNode = FALSE
	EndGlobalSection
	GlobalSection(NestedProjects) = preSolution
		{611094D5-0AE0-4DFD-8E00-FC6ECDB4C04A} = {6029D5C5-0A53-415F-AAD2-E44B818E44F8}
	EndGlobalSection
EndGlobal
